
Microsoft Visual Studio Solution File, Format Version 12.00
Project("{FAE04EC0-301F-11D3-BF4B-00C04F79EFBC}") = "SampleMcpServer", "SampleMcpServer\SampleMcpServer.csproj", "{571315F6-712C-41D5-9C7A-23E181C434EA}"
EndProject
Global
	GlobalSection(SolutionConfigurationPlatforms) = preSolution
		Debug|Any CPU = Debug|Any CPU
		Release|Any CPU = Release|Any CPU
	EndGlobalSection
	GlobalSection(ProjectConfigurationPlatforms) = postSolution
		{571315F6-712C-41D5-9C7A-23E181C434EA}.Debug|Any CPU.ActiveCfg = Debug|Any CPU
		{571315F6-712C-41D5-9C7A-23E181C434EA}.Debug|Any CPU.Build.0 = Debug|Any CPU
		{571315F6-712C-41D5-9C7A-23E181C434EA}.Release|Any CPU.ActiveCfg = Release|Any CPU
		{571315F6-712C-41D5-9C7A-23E181C434EA}.Release|Any CPU.Build.0 = Release|Any CPU
	EndGlobalSection
EndGlobal
